{
  "version": "1.0.0",
  "lockfileVersion": 2,
  "workspaces": {
    "": {
      "name": "@stacksjs/httx",
      "dependencies": {
        "@stacksjs/stx": "0.2.10",
        "stx-router": "0.2.10",
        "ts-broadcasting": "^0.0.1",
        "ts-error-handling": "^0.1.0"
      },
      "devDependencies": {
        "better-dx": "^0.2.7",
        "bunfig": "^0.15.6"
      }
    },
    "packages/devtools": {
      "name": "@stacksjs/httx-dashboard",
      "version": "0.1.8",
      "dependencies": {
        "@cwcss/crosswind": "^0.1.6",
        "@stacksjs/httx": "^0.1.7",
        "bunfig": "^0.5.0",
        "ts-broadcasting": "^0.0.1"
      },
      "devDependencies": {
        "@stacksjs/stx": "^0.2.5",
        "bun-plugin-stx": "^0.2.5"
      }
    },
    "packages/httx": {
      "name": "@stacksjs/httx",
      "version": "0.1.8",
      "dependencies": {
        "ts-error-handling": "^0.1.0"
      }
    }
  },
  "packages": {
    "@cwcss/crosswind@^0.1.6": {
      "name": "@cwcss/crosswind",
      "version": "^0.1.6",
      "source": "npm",
      "dependencies": {
        "@stacksjs/clapp": "^0.2.0",
        "bunfig": "^0.15.0"
      },
      "bin": {
        "crosswind": "./dist/bin/cli.js"
      }
    },
    "@stacksjs/httx@^0.1.7": {
      "name": "@stacksjs/httx",
      "version": "^0.1.7",
      "source": "npm",
      "dependencies": {
        "ts-error-handling": "^0.1.0"
      },
      "bin": {
        "http": "./dist/bin/cli.js",
        "https": "./dist/bin/cli.js",
        "httx": "./dist/bin/cli.js"
      }
    },
    "@stacksjs/stx@0.2.10": {
      "name": "@stacksjs/stx",
      "version": "0.2.10",
      "source": "npm",
      "dependencies": {
        "@cwcss/crosswind": "^0.1.6",
        "@stacksjs/clapp": "^0.2.0",
        "@stacksjs/desktop": "0.2.10",
        "@stacksjs/sanitizer": "0.2.10",
        "@stacksjs/ts-craft": "^0.0.2",
        "bun-plugin-stx": "0.2.10",
        "bunfig": "^0.15.6",
        "stx-router": "0.2.10",
        "ts-syntax-highlighter": "^0.2.1"
      },
      "bin": {
        "stx": "./dist/cli.js"
      }
    },
    "better-dx@^0.2.7": {
      "name": "better-dx",
      "version": "^0.2.7",
      "source": "npm",
      "peerDependencies": {
        "@stacksjs/bumpx": "^0.2.5",
        "@stacksjs/bunpress": "^0.1.4",
        "@stacksjs/clarity": "^0.3.28",
        "@stacksjs/gitlint": "^0.1.5",
        "@stacksjs/logsmith": "^0.2.1",
        "@types/bun": "^1.3.13",
        "buddy-bot": "^0.9.17",
        "bun-git-hooks": "^0.3.1",
        "bun-plugin-dtsx": "^0.9.14",
        "bunfig": "^0.15.9",
        "pickier": "^0.1.26",
        "ts-error-handling": "^0.1.1",
        "typescript": "^6.0.2"
      }
    },
    "bun-plugin-stx@^0.2.5": {
      "name": "bun-plugin-stx",
      "version": "^0.2.5",
      "source": "npm",
      "dependencies": {
        "@stacksjs/stx": "0.2.24"
      },
      "bin": {
        "serve": "./dist/serve.js",
        "stx-serve": "./dist/serve.js"
      }
    },
    "bunfig@^0.15.6": {
      "name": "bunfig",
      "version": "^0.15.6",
      "source": "npm",
      "dependencies": {
        "@stacksjs/clapp": "^0.2.0",
        "@stacksjs/clarity": "^0.3.24"
      },
      "bin": {
        "bunfig": "./bin/cli.js"
      }
    },
    "stx-router@0.2.10": {
      "name": "stx-router",
      "version": "0.2.10",
      "source": "npm"
    },
    "ts-broadcasting@^0.0.1": {
      "name": "ts-broadcasting",
      "version": "^0.0.1",
      "source": "npm",
      "bin": {
        "broadcast": "./dist/bin/cli.js"
      }
    },
    "ts-error-handling@^0.1.0": {
      "name": "ts-error-handling",
      "version": "^0.1.0",
      "source": "npm"
    }
  }
}
